
Microsoft Visual Studio Solution File, Format Version 12.00
# Visual Studio 15
VisualStudioVersion = 15.0.28307.902
MinimumVisualStudioVersion = 10.0.40219.1
Project("{FAE04EC0-301F-11D3-BF4B-00C04F79EFBC}") = "TrafficLightLib", "TrafficLightLib\TrafficLightLib.csproj", "{BB04BBC7-959B-4564-9F44-9C28BF419C60}"
EndProject
Project("{FAE04EC0-301F-11D3-BF4B-00C04F79EFBC}") = "TrafficLightTests", "TrafficLightTests\TrafficLightTests.csproj", "{00A730BE-9652-45E6-8DA1-44C498431E99}"
EndProject
Global
	GlobalSection(SolutionConfigurationPlatforms) = preSolution
		Debug|Any CPU = Debug|Any CPU
		Release|Any CPU = Release|Any CPU
	EndGlobalSection
	GlobalSection(ProjectConfigurationPlatforms) = postSolution
		{BB04BBC7-959B-4564-9F44-9C28BF419C60}.Debug|Any CPU.ActiveCfg = Debug|Any CPU
		{BB04BBC7-959B-4564-9F44-9C28BF419C60}.Debug|Any CPU.Build.0 = Debug|Any CPU
		{BB04BBC7-959B-4564-9F44-9C28BF419C60}.Release|Any CPU.ActiveCfg = Release|Any CPU
		{BB04BBC7-959B-4564-9F44-9C28BF419C60}.Release|Any CPU.Build.0 = Release|Any CPU
		{00A730BE-9652-45E6-8DA1-44C498431E99}.Debug|Any CPU.ActiveCfg = Debug|Any CPU
		{00A730BE-9652-45E6-8DA1-44C498431E99}.Debug|Any CPU.Build.0 = Debug|Any CPU
		{00A730BE-9652-45E6-8DA1-44C498431E99}.Release|Any CPU.ActiveCfg = Release|Any CPU
		{00A730BE-9652-45E6-8DA1-44C498431E99}.Release|Any CPU.Build.0 = Release|Any CPU
	EndGlobalSection
	GlobalSection(SolutionProperties) = preSolution
		HideSolutionNode = FALSE
	EndGlobalSection
	GlobalSection(ExtensibilityGlobals) = postSolution
		SolutionGuid = {C3AC9078-516B-41B9-B9A5-0701A9C64C08}
	EndGlobalSection
EndGlobal
